
Microsoft Visual Studio Solution File, Format Version 12.00
# Visual Studio Version 16
VisualStudioVersion = 16.0.30804.86
MinimumVisualStudioVersion = 10.0.40219.1
Project("{9A19103F-16F7-4668-BE54-9A1E7A4F7556}") = "ExamenTecnico", "ExamenTecnico.csproj", "{27C1C430-DA7F-472A-9460-F69D2378910F}"
EndProject
Project("{9A19103F-16F7-4668-BE54-9A1E7A4F7556}") = "Logica", "..\Logica\Logica.csproj", "{B4DCBC9F-5DF1-4315-A294-7CFFA28F3DB1}"
EndProject
Project("{9A19103F-16F7-4668-BE54-9A1E7A4F7556}") = "TestProject", "..\TestProject\TestProject.csproj", "{97AC9A56-FED3-4C4C-AF1B-B0E4408D7613}"
EndProject
Project("{9A19103F-16F7-4668-BE54-9A1E7A4F7556}") = "Modelos", "..\Modelos\Modelos.csproj", "{E923B40D-273C-4F75-8CB6-F7216AA7D54A}"
EndProject
Project("{9A19103F-16F7-4668-BE54-9A1E7A4F7556}") = "Datos", "..\Datos\Datos.csproj", "{A6BA042B-A47A-43CC-B184-B626DA66AC3B}"
EndProject
Global
	GlobalSection(SolutionConfigurationPlatforms) = preSolution
		Debug|Any CPU = Debug|Any CPU
		Release|Any CPU = Release|Any CPU
	EndGlobalSection
	GlobalSection(ProjectConfigurationPlatforms) = postSolution
		{27C1C430-DA7F-472A-9460-F69D2378910F}.Debug|Any CPU.ActiveCfg = Debug|Any CPU
		{27C1C430-DA7F-472A-9460-F69D2378910F}.Debug|Any CPU.Build.0 = Debug|Any CPU
		{27C1C430-DA7F-472A-9460-F69D2378910F}.Release|Any CPU.ActiveCfg = Release|Any CPU
		{27C1C430-DA7F-472A-9460-F69D2378910F}.Release|Any CPU.Build.0 = Release|Any CPU
		{B4DCBC9F-5DF1-4315-A294-7CFFA28F3DB1}.Debug|Any CPU.ActiveCfg = Debug|Any CPU
		{B4DCBC9F-5DF1-4315-A294-7CFFA28F3DB1}.Debug|Any CPU.Build.0 = Debug|Any CPU
		{B4DCBC9F-5DF1-4315-A294-7CFFA28F3DB1}.Release|Any CPU.ActiveCfg = Release|Any CPU
		{B4DCBC9F-5DF1-4315-A294-7CFFA28F3DB1}.Release|Any CPU.Build.0 = Release|Any CPU
		{97AC9A56-FED3-4C4C-AF1B-B0E4408D7613}.Debug|Any CPU.ActiveCfg = Debug|Any CPU
		{97AC9A56-FED3-4C4C-AF1B-B0E4408D7613}.Debug|Any CPU.Build.0 = Debug|Any CPU
		{97AC9A56-FED3-4C4C-AF1B-B0E4408D7613}.Release|Any CPU.ActiveCfg = Release|Any CPU
		{97AC9A56-FED3-4C4C-AF1B-B0E4408D7613}.Release|Any CPU.Build.0 = Release|Any CPU
		{E923B40D-273C-4F75-8CB6-F7216AA7D54A}.Debug|Any CPU.ActiveCfg = Debug|Any CPU
		{E923B40D-273C-4F75-8CB6-F7216AA7D54A}.Debug|Any CPU.Build.0 = Debug|Any CPU
		{E923B40D-273C-4F75-8CB6-F7216AA7D54A}.Release|Any CPU.ActiveCfg = Release|Any CPU
		{E923B40D-273C-4F75-8CB6-F7216AA7D54A}.Release|Any CPU.Build.0 = Release|Any CPU
		{A6BA042B-A47A-43CC-B184-B626DA66AC3B}.Debug|Any CPU.ActiveCfg = Debug|Any CPU
		{A6BA042B-A47A-43CC-B184-B626DA66AC3B}.Debug|Any CPU.Build.0 = Debug|Any CPU
		{A6BA042B-A47A-43CC-B184-B626DA66AC3B}.Release|Any CPU.ActiveCfg = Release|Any CPU
		{A6BA042B-A47A-43CC-B184-B626DA66AC3B}.Release|Any CPU.Build.0 = Release|Any CPU
	EndGlobalSection
	GlobalSection(SolutionProperties) = preSolution
		HideSolutionNode = FALSE
	EndGlobalSection
	GlobalSection(ExtensibilityGlobals) = postSolution
		SolutionGuid = {C825B93D-72DE-47C5-B7E1-907952E38151}
	EndGlobalSection
EndGlobal
